
Microsoft Visual Studio Solution File, Format Version 12.00
# Visual Studio Version 17
VisualStudioVersion = 17.4.33213.308
MinimumVisualStudioVersion = 10.0.40219.1
Project("{9A19103F-16F7-4668-BE54-9A1E7A4F7556}") = "PgWireCoreClient", "PgWireCoreClient\PgWireCoreClient.csproj", "{4BABF34D-412E-4879-9BF8-B547D86E4A5F}"
EndProject
Project("{9A19103F-16F7-4668-BE54-9A1E7A4F7556}") = "PgWireAdo", "PgWireAdo\PgWireAdo.csproj", "{178403EF-5C09-43AC-84C0-77C33421E30E}"
EndProject
Project("{FAE04EC0-301F-11D3-BF4B-00C04F79EFBC}") = "PgWireAdo.Test", "PgWireAdo.Test\PgWireAdo.Test.csproj", "{F08E7BAA-4162-4E89-BABE-842CF4971336}"
EndProject
Global
	GlobalSection(SolutionConfigurationPlatforms) = preSolution
		Debug|Any CPU = Debug|Any CPU
		Release|Any CPU = Release|Any CPU
	EndGlobalSection
	GlobalSection(ProjectConfigurationPlatforms) = postSolution
		{4BABF34D-412E-4879-9BF8-B547D86E4A5F}.Debug|Any CPU.ActiveCfg = Debug|Any CPU
		{4BABF34D-412E-4879-9BF8-B547D86E4A5F}.Debug|Any CPU.Build.0 = Debug|Any CPU
		{4BABF34D-412E-4879-9BF8-B547D86E4A5F}.Release|Any CPU.ActiveCfg = Release|Any CPU
		{4BABF34D-412E-4879-9BF8-B547D86E4A5F}.Release|Any CPU.Build.0 = Release|Any CPU
		{178403EF-5C09-43AC-84C0-77C33421E30E}.Debug|Any CPU.ActiveCfg = Debug|Any CPU
		{178403EF-5C09-43AC-84C0-77C33421E30E}.Debug|Any CPU.Build.0 = Debug|Any CPU
		{178403EF-5C09-43AC-84C0-77C33421E30E}.Release|Any CPU.ActiveCfg = Release|Any CPU
		{178403EF-5C09-43AC-84C0-77C33421E30E}.Release|Any CPU.Build.0 = Release|Any CPU
		{F08E7BAA-4162-4E89-BABE-842CF4971336}.Debug|Any CPU.ActiveCfg = Debug|Any CPU
		{F08E7BAA-4162-4E89-BABE-842CF4971336}.Debug|Any CPU.Build.0 = Debug|Any CPU
		{F08E7BAA-4162-4E89-BABE-842CF4971336}.Release|Any CPU.ActiveCfg = Release|Any CPU
		{F08E7BAA-4162-4E89-BABE-842CF4971336}.Release|Any CPU.Build.0 = Release|Any CPU
	EndGlobalSection
	GlobalSection(SolutionProperties) = preSolution
		HideSolutionNode = FALSE
	EndGlobalSection
	GlobalSection(ExtensibilityGlobals) = postSolution
		SolutionGuid = {762BD10B-2D02-4B84-9F9E-C3526535E5FC}
	EndGlobalSection
EndGlobal
